
Microsoft Visual Studio Solution File, Format Version 12.00
# Visual Studio 15
VisualStudioVersion = 15.0.28307.438
MinimumVisualStudioVersion = 10.0.40219.1
Project("{FAE04EC0-301F-11D3-BF4B-00C04F79EFBC}") = "Crypto_kr", "Crypto_kr\Crypto_kr.csproj", "{04CF57CC-8B23-4627-8223-2E1F9BD83A2A}"
EndProject
Global
	GlobalSection(SolutionConfigurationPlatforms) = preSolution
		Debug|Any CPU = Debug|Any CPU
		Release|Any CPU = Release|Any CPU
	EndGlobalSection
	GlobalSection(ProjectConfigurationPlatforms) = postSolution
		{04CF57CC-8B23-4627-8223-2E1F9BD83A2A}.Debug|Any CPU.ActiveCfg = Debug|Any CPU
		{04CF57CC-8B23-4627-8223-2E1F9BD83A2A}.Debug|Any CPU.Build.0 = Debug|Any CPU
		{04CF57CC-8B23-4627-8223-2E1F9BD83A2A}.Release|Any CPU.ActiveCfg = Release|Any CPU
		{04CF57CC-8B23-4627-8223-2E1F9BD83A2A}.Release|Any CPU.Build.0 = Release|Any CPU
	EndGlobalSection
	GlobalSection(SolutionProperties) = preSolution
		HideSolutionNode = FALSE
	EndGlobalSection
	GlobalSection(ExtensibilityGlobals) = postSolution
		SolutionGuid = {3E593A00-0096-42C4-B730-68BB501260C8}
	EndGlobalSection
EndGlobal
