
Microsoft Visual Studio Solution File, Format Version 12.00
# Visual Studio 15
VisualStudioVersion = 15.0.28307.421
MinimumVisualStudioVersion = 10.0.40219.1
Project("{FAE04EC0-301F-11D3-BF4B-00C04F79EFBC}") = "Classes_lr5", "Classes_lr5\Classes_lr5.csproj", "{4CF49A56-7485-4CF6-AE84-20C89CF89B43}"
EndProject
Global
	GlobalSection(SolutionConfigurationPlatforms) = preSolution
		Debug|Any CPU = Debug|Any CPU
		Release|Any CPU = Release|Any CPU
	EndGlobalSection
	GlobalSection(ProjectConfigurationPlatforms) = postSolution
		{4CF49A56-7485-4CF6-AE84-20C89CF89B43}.Debug|Any CPU.ActiveCfg = Debug|Any CPU
		{4CF49A56-7485-4CF6-AE84-20C89CF89B43}.Debug|Any CPU.Build.0 = Debug|Any CPU
		{4CF49A56-7485-4CF6-AE84-20C89CF89B43}.Release|Any CPU.ActiveCfg = Release|Any CPU
		{4CF49A56-7485-4CF6-AE84-20C89CF89B43}.Release|Any CPU.Build.0 = Release|Any CPU
	EndGlobalSection
	GlobalSection(SolutionProperties) = preSolution
		HideSolutionNode = FALSE
	EndGlobalSection
	GlobalSection(ExtensibilityGlobals) = postSolution
		SolutionGuid = {35EE2D1B-A9EF-40CE-B4BC-9F2BD5266193}
	EndGlobalSection
EndGlobal
